
Microsoft Visual Studio Solution File, Format Version 12.00
# Visual Studio Version 17
VisualStudioVersion = 17.6.33829.357
MinimumVisualStudioVersion = 10.0.40219.1
Project("{FAE04EC0-301F-11D3-BF4B-00C04F79EFBC}") = "DraftWebApp", "DraftWebApp\DraftWebApp.csproj", "{9DEE8884-E85C-494A-84B7-FEC6591325AD}"
EndProject
Global
	GlobalSection(SolutionConfigurationPlatforms) = preSolution
		Debug|Any CPU = Debug|Any CPU
		Release|Any CPU = Release|Any CPU
	EndGlobalSection
	GlobalSection(ProjectConfigurationPlatforms) = postSolution
		{9DEE8884-E85C-494A-84B7-FEC6591325AD}.Debug|Any CPU.ActiveCfg = Debug|Any CPU
		{9DEE8884-E85C-494A-84B7-FEC6591325AD}.Debug|Any CPU.Build.0 = Debug|Any CPU
		{9DEE8884-E85C-494A-84B7-FEC6591325AD}.Release|Any CPU.ActiveCfg = Release|Any CPU
		{9DEE8884-E85C-494A-84B7-FEC6591325AD}.Release|Any CPU.Build.0 = Release|Any CPU
	EndGlobalSection
	GlobalSection(SolutionProperties) = preSolution
		HideSolutionNode = FALSE
	EndGlobalSection
	GlobalSection(ExtensibilityGlobals) = postSolution
		SolutionGuid = {076E976D-5B11-45CE-83AA-1F05524E090E}
	EndGlobalSection
EndGlobal
