
Microsoft Visual Studio Solution File, Format Version 12.00
# Visual Studio Version 17
VisualStudioVersion = 17.6.33829.357
MinimumVisualStudioVersion = 10.0.40219.1
Project("{FAE04EC0-301F-11D3-BF4B-00C04F79EFBC}") = "DraftWebApp", "DraftWebApp\DraftWebApp.csproj", "{0D63F7B9-D70D-4E3A-B1E5-DB791DED48A1}"
EndProject
Global
	GlobalSection(SolutionConfigurationPlatforms) = preSolution
		Debug|Any CPU = Debug|Any CPU
		Release|Any CPU = Release|Any CPU
	EndGlobalSection
	GlobalSection(ProjectConfigurationPlatforms) = postSolution
		{0D63F7B9-D70D-4E3A-B1E5-DB791DED48A1}.Debug|Any CPU.ActiveCfg = Debug|Any CPU
		{0D63F7B9-D70D-4E3A-B1E5-DB791DED48A1}.Debug|Any CPU.Build.0 = Debug|Any CPU
		{0D63F7B9-D70D-4E3A-B1E5-DB791DED48A1}.Release|Any CPU.ActiveCfg = Release|Any CPU
		{0D63F7B9-D70D-4E3A-B1E5-DB791DED48A1}.Release|Any CPU.Build.0 = Release|Any CPU
	EndGlobalSection
	GlobalSection(SolutionProperties) = preSolution
		HideSolutionNode = FALSE
	EndGlobalSection
	GlobalSection(ExtensibilityGlobals) = postSolution
		SolutionGuid = {9259AB55-C22F-4F1B-A0DC-432B02359931}
	EndGlobalSection
EndGlobal
